{
  "lockfileVersion": 2,
  "configVersion": 1,
  "workspaces": {
    "": {
      "dependencies": {
        "@pixiv/three-vrm": "3.5.5",
        "three": "0.180.0",
      },
    },
  },
  "packages": {
    "@pixiv/three-vrm": ["@pixiv/three-vrm@3.5.5", "", { "dependencies": { "@pixiv/three-vrm-core": "3.5.5", "@pixiv/three-vrm-materials-hdr-emissive-multiplier": "3.5.5", "@pixiv/three-vrm-materials-mtoon": "3.5.5", "@pixiv/three-vrm-materials-v0compat": "3.5.5", "@pixiv/three-vrm-node-constraint": "3.5.5", "@pixiv/three-vrm-springbone": "3.5.5" }, "peerDependencies": { "three": ">=0.137" } }, "sha512-RPXy7jYAXs704NIpZlosB0U2ENu21G9DrqGWdQgRe8dShaCo1ugpj+6BVPRCy91nt+MPMA96j5rbsSzEl0HlQA=="],

    "@pixiv/three-vrm-core": ["@pixiv/three-vrm-core@3.5.5", "", { "dependencies": { "@pixiv/types-vrm-0.0": "3.5.5", "@pixiv/types-vrmc-vrm-1.0": "3.5.5" }, "peerDependencies": { "three": ">=0.137" } }, "sha512-jjaXZbMVRsk2HAGVxqDLmSJyGOJqbMcJpuTHR1TY/TN1FxiKdAzSqdr/ZUcczYipNf8IL9vDT9NX2XmWj+ybRQ=="],

    "@pixiv/three-vrm-materials-hdr-emissive-multiplier": ["@pixiv/three-vrm-materials-hdr-emissive-multiplier@3.5.5", "", { "dependencies": { "@pixiv/types-vrmc-materials-hdr-emissive-multiplier-1.0": "3.5.5" }, "peerDependencies": { "three": ">=0.137" } }, "sha512-XnHEqpY4ctYMucpeRcptdphOe0RrW7V5fUvojasD8Ja4MTjjrjCNFxsAvp3+HBkPZbkTM2sDCjJBJNzxN1scrA=="],

    "@pixiv/three-vrm-materials-mtoon": ["@pixiv/three-vrm-materials-mtoon@3.5.5", "", { "dependencies": { "@pixiv/types-vrm-0.0": "3.5.5", "@pixiv/types-vrmc-materials-mtoon-1.0": "3.5.5" }, "peerDependencies": { "three": ">=0.137" } }, "sha512-7lThHf4OKBOsVenD+R6L6HffNUlKO3Twnhr3+z77MnUsSzsOanjVKJtjSIly9QJ6hgl8YJmI6RnxCKqXcpplog=="],

    "@pixiv/three-vrm-materials-v0compat": ["@pixiv/three-vrm-materials-v0compat@3.5.5", "", { "dependencies": { "@pixiv/types-vrm-0.0": "3.5.5", "@pixiv/types-vrmc-materials-mtoon-1.0": "3.5.5" }, "peerDependencies": { "three": ">=0.137" } }, "sha512-NjsTK4P4qdcr+RoL2gEUNgF2CY/aplNvyHHxI99N7D6CxDZ2H93FQ9aIuLCABj5b+4CIvldWMCcnS7YuLIr3Lw=="],

    "@pixiv/three-vrm-node-constraint": ["@pixiv/three-vrm-node-constraint@3.5.5", "", { "dependencies": { "@pixiv/types-vrmc-node-constraint-1.0": "3.5.5" }, "peerDependencies": { "three": ">=0.137" } }, "sha512-+ShEXioZ5Ctf0EZ5ZViZ4n0jhV/qtJRH0Juw8nRnMNODZXDSr+B3An2lrfRoMhowCzG63GiUG4lXWV9noMXosA=="],

    "@pixiv/three-vrm-springbone": ["@pixiv/three-vrm-springbone@3.5.5", "", { "dependencies": { "@pixiv/types-vrm-0.0": "3.5.5", "@pixiv/types-vrmc-springbone-1.0": "3.5.5", "@pixiv/types-vrmc-springbone-extended-collider-1.0": "3.5.5" }, "peerDependencies": { "three": ">=0.137" } }, "sha512-GWAWrIegGH/u1ZA+Es03Qzc2yafrQOrhtal9jzUIAgU8Wm2DYuqAABOY+du/9RpBRK8D4T8DBPvRGQqvfrQ/uA=="],

    "@pixiv/types-vrm-0.0": ["@pixiv/types-vrm-0.0@3.5.5", "", {}, "sha512-2S/0jswMjJTwL9ky8YzDR0CIaP6ZmE+HFuyW/0h+SA+awELf+J7WGgC8lTLM1MXzokO7Z2YVljU2F0fEhlKDIQ=="],

    "@pixiv/types-vrmc-materials-hdr-emissive-multiplier-1.0": ["@pixiv/types-vrmc-materials-hdr-emissive-multiplier-1.0@3.5.5", "", {}, "sha512-IuHw9ehXt2bymqfdFV+f2cCXo8kvJUfh0Zuut8qmKXoEb7HVyLGIQyS4TcQHG5yY22UTWHI1Axo5tQv35lPTgQ=="],

    "@pixiv/types-vrmc-materials-mtoon-1.0": ["@pixiv/types-vrmc-materials-mtoon-1.0@3.5.5", "", {}, "sha512-GFVuksAJVhrWTXYmI/ucNsE611/d8N6BoZrzhUAAINndt98loyzapW2+DJu+GsUBO5yxd+vLsL0FB16XD9+TGg=="],

    "@pixiv/types-vrmc-node-constraint-1.0": ["@pixiv/types-vrmc-node-constraint-1.0@3.5.5", "", {}, "sha512-8EbJ1uzkn9yJQarCChmpG12+mc2c7PimHvQ8H6/tMh/hqp5NtJND0z2lR2KeVxw9A3M+TpF+xgImhLBxGjqwzQ=="],

    "@pixiv/types-vrmc-springbone-1.0": ["@pixiv/types-vrmc-springbone-1.0@3.5.5", "", {}, "sha512-gRQ5Y7PaGiMefvOrJ3hvoSPqpA67jiwyhwh8ItjsPi3yri/Hn3CeXplW3Cbx3ZPbfu+C3Q2MCRa2TqAUOjeMRA=="],

    "@pixiv/types-vrmc-springbone-extended-collider-1.0": ["@pixiv/types-vrmc-springbone-extended-collider-1.0@3.5.5", "", {}, "sha512-+6RxLaAvVguP7upjS/OT4viNPWvac1HBRQY1nmdvfYNQuCMdrMsCZqvy2af0Fcjnda4V9JbKFIpZDC0lrw1+uQ=="],

    "@pixiv/types-vrmc-vrm-1.0": ["@pixiv/types-vrmc-vrm-1.0@3.5.5", "", {}, "sha512-WnemHHo2375BcBdumEhvrupZzsMSzTfdWlokmV9sUX2oC+OAQqJFfBjLF8ppkOhzHpl4MAPJqEfuhBJtNPm9ww=="],

    "three": ["three@0.180.0", "", {}, "sha512-o+qycAMZrh+TsE01GqWUxUIKR1AL0S8pq7zDkYOQw8GqfX8b8VoCKYUoHbhiX5j+7hr8XsuHDVU6+gkQJQKg9w=="],
  }
}
